
Microsoft Visual Studio Solution File, Format Version 12.00
# Visual Studio Version 17
VisualStudioVersion = 17.5.002.0
MinimumVisualStudioVersion = 10.0.40219.1
Project("{9A19103F-16F7-4668-BE54-9A1E7A4F7556}") = "TEstProject", "TEstProject.csproj", "{E8082650-1BA4-44D1-8DAA-8CC22E4DE356}"
EndProject
Global
	GlobalSection(SolutionConfigurationPlatforms) = preSolution
		Debug|Any CPU = Debug|Any CPU
		Release|Any CPU = Release|Any CPU
	EndGlobalSection
	GlobalSection(ProjectConfigurationPlatforms) = postSolution
		{E8082650-1BA4-44D1-8DAA-8CC22E4DE356}.Debug|Any CPU.ActiveCfg = Debug|Any CPU
		{E8082650-1BA4-44D1-8DAA-8CC22E4DE356}.Debug|Any CPU.Build.0 = Debug|Any CPU
		{E8082650-1BA4-44D1-8DAA-8CC22E4DE356}.Release|Any CPU.ActiveCfg = Release|Any CPU
		{E8082650-1BA4-44D1-8DAA-8CC22E4DE356}.Release|Any CPU.Build.0 = Release|Any CPU
	EndGlobalSection
	GlobalSection(SolutionProperties) = preSolution
		HideSolutionNode = FALSE
	EndGlobalSection
	GlobalSection(ExtensibilityGlobals) = postSolution
		SolutionGuid = {740EA470-32D2-4F7C-94C8-6D7433A959E3}
	EndGlobalSection
EndGlobal
